{
    "_readme": [
        "This file locks the dependencies of your project to a known state",
        "Read more about it at https://getcomposer.org/doc/01-basic-usage.md#composer-lock-the-lock-file",
        "This file is @generated automatically"
    ],
    "content-hash": "7094846b5a2515a275cd6915f765b5ad",
    "packages": [
        {
            "name": "strapless/base",
            "version": "1.1.5",
            "source": {
                "type": "git",
                "url": "https://github.com/strapless/base.git",
                "reference": "32ab7f32e6745e18ec46ca1e49e19e8ab347ec58"
            },
            "dist": {
                "type": "zip",
                "url": "https://api.github.com/repos/strapless/base/zipball/32ab7f32e6745e18ec46ca1e49e19e8ab347ec58",
                "reference": "32ab7f32e6745e18ec46ca1e49e19e8ab347ec58",
                "shasum": ""
            },
            "type": "library",
            "notification-url": "https://packagist.org/downloads/",
            "license": [
                "MIT"
            ],
            "authors": [
                {
                    "name": "Aaron M Jones",
                    "homepage": "http://www.jonesiscoding.com"
                }
            ],
            "description": "SASS Functions & mixins for managing variables within various SASS components.",
            "homepage": "https://www.github.com/strapless/base",
            "keywords": [
                "css",
                "maps",
                "sass",
                "scss",
                "strapless",
                "variables"
            ],
            "time": "2017-12-05T16:58:27+00:00"
        },
        {
            "name": "strapless/buttons",
            "version": "1.0",
            "source": {
                "type": "git",
                "url": "https://github.com/strapless/buttons.git",
                "reference": "d926b89dc3f060b5ec4b5b5d243c197592cc5356"
            },
            "dist": {
                "type": "zip",
                "url": "https://api.github.com/repos/strapless/buttons/zipball/d926b89dc3f060b5ec4b5b5d243c197592cc5356",
                "reference": "d926b89dc3f060b5ec4b5b5d243c197592cc5356",
                "shasum": ""
            },
            "require": {
                "strapless/base": "^1.1",
                "strapless/colors": "^1.0"
            },
            "type": "library",
            "notification-url": "https://packagist.org/downloads/",
            "license": [
                "MIT"
            ],
            "authors": [
                {
                    "name": "Aaron M Jones",
                    "homepage": "http://www.jonesiscoding.com"
                }
            ],
            "description": "Drop in replacement for Bootstrap buttons, with Material Design effects. Designed for the StrapLess Framework, but usable as a standalone component.",
            "homepage": "https://www.github.com/strapless/buttons",
            "keywords": [
                "bootstrap",
                "buttons",
                "css",
                "material",
                "ripple",
                "sass",
                "scss",
                "strapless"
            ],
            "time": "2017-12-05T17:26:29+00:00"
        },
        {
            "name": "strapless/card",
            "version": "1.0.5",
            "source": {
                "type": "git",
                "url": "https://github.com/strapless/card.git",
                "reference": "de99ba90a7910c09307ba614caaa37f5db8e6e30"
            },
            "dist": {
                "type": "zip",
                "url": "https://api.github.com/repos/strapless/card/zipball/de99ba90a7910c09307ba614caaa37f5db8e6e30",
                "reference": "de99ba90a7910c09307ba614caaa37f5db8e6e30",
                "shasum": ""
            },
            "require": {
                "strapless/base": "^1.1.5",
                "strapless/colors": "^1.0.5"
            },
            "type": "library",
            "notification-url": "https://packagist.org/downloads/",
            "license": [
                "MIT"
            ],
            "authors": [
                {
                    "name": "Aaron M Jones",
                    "homepage": "http://www.jonesiscoding.com"
                }
            ],
            "description": "Card component from Bootstrap 4, modified for usage as a standalone component, with Bootstrap 3, or as part of the StrapLess framework.",
            "homepage": "https://www.github.com/strapless/card",
            "keywords": [
                "card",
                "css",
                "panel",
                "responsive",
                "sass",
                "scss",
                "strapless"
            ],
            "time": "2017-12-08T14:43:21+00:00"
        },
        {
            "name": "strapless/colors",
            "version": "1.0.6",
            "source": {
                "type": "git",
                "url": "https://github.com/strapless/colors.git",
                "reference": "a33fd13fd3a264145d1b8007e2c74a1d302f25d9"
            },
            "dist": {
                "type": "zip",
                "url": "https://api.github.com/repos/strapless/colors/zipball/a33fd13fd3a264145d1b8007e2c74a1d302f25d9",
                "reference": "a33fd13fd3a264145d1b8007e2c74a1d302f25d9",
                "shasum": ""
            },
            "type": "library",
            "notification-url": "https://packagist.org/downloads/",
            "license": [
                "MIT"
            ],
            "authors": [
                {
                    "name": "Aaron M Jones",
                    "homepage": "http://www.jonesiscoding.com"
                }
            ],
            "description": "SASS color functions, maps and CSS used in StrapLess components.  Can also be used quite effectively in any SASS where one desires an easy way to manage colors.",
            "homepage": "https://www.github.com/strapless/colors",
            "keywords": [
                "color",
                "map",
                "sass",
                "scss",
                "strapless"
            ],
            "time": "2017-12-05T15:09:02+00:00"
        },
        {
            "name": "strapless/display",
            "version": "1.0.3",
            "source": {
                "type": "git",
                "url": "https://github.com/strapless/display.git",
                "reference": "15a76063258949cd57379b222ace94e8dbffb644"
            },
            "dist": {
                "type": "zip",
                "url": "https://api.github.com/repos/strapless/display/zipball/15a76063258949cd57379b222ace94e8dbffb644",
                "reference": "15a76063258949cd57379b222ace94e8dbffb644",
                "shasum": ""
            },
            "require": {
                "strapless/base": "^1.0"
            },
            "suggest": {
                "exactquery/d.js": "^2.2"
            },
            "type": "library",
            "notification-url": "https://packagist.org/downloads/",
            "license": [
                "MIT"
            ],
            "authors": [
                {
                    "name": "Aaron M Jones",
                    "homepage": "http://www.jonesiscoding.com"
                }
            ],
            "description": "Responsive classes for managing CSS display properties.",
            "homepage": "https://www.github.com/strapless/display",
            "keywords": [
                "css",
                "display",
                "responsive",
                "sass",
                "scss",
                "strapless"
            ],
            "time": "2017-12-08T15:19:41+00:00"
        },
        {
            "name": "strapless/drawer",
            "version": "1.0.2",
            "source": {
                "type": "git",
                "url": "https://github.com/strapless/drawer.git",
                "reference": "3a54058b2a40cee6665557fe33eb1e957ca0c3d2"
            },
            "dist": {
                "type": "zip",
                "url": "https://api.github.com/repos/strapless/drawer/zipball/3a54058b2a40cee6665557fe33eb1e957ca0c3d2",
                "reference": "3a54058b2a40cee6665557fe33eb1e957ca0c3d2",
                "shasum": ""
            },
            "require": {
                "strapless/base": "^1.1.1",
                "strapless/colors": "^1.0.4",
                "strapless/display": "^1.0"
            },
            "type": "library",
            "notification-url": "https://packagist.org/downloads/",
            "license": [
                "MIT"
            ],
            "authors": [
                {
                    "name": "Aaron M Jones",
                    "homepage": "http://www.jonesiscoding.com"
                }
            ],
            "homepage": "https://www.github.com/strapless/drawer",
            "keywords": [
                "css",
                "drawer",
                "material",
                "responsive",
                "sass",
                "scss",
                "strapless"
            ],
            "time": "2017-12-05T16:49:10+00:00"
        },
        {
            "name": "strapless/icons",
            "version": "1.0.1",
            "source": {
                "type": "git",
                "url": "https://github.com/strapless/icons.git",
                "reference": "1c7fc4c1801d195cdefa3929605a858b64936d97"
            },
            "dist": {
                "type": "zip",
                "url": "https://api.github.com/repos/strapless/icons/zipball/1c7fc4c1801d195cdefa3929605a858b64936d97",
                "reference": "1c7fc4c1801d195cdefa3929605a858b64936d97",
                "shasum": ""
            },
            "require": {
                "strapless/base": "^1.1.5"
            },
            "type": "library",
            "notification-url": "https://packagist.org/downloads/",
            "license": [
                "MIT"
            ],
            "authors": [
                {
                    "name": "Aaron M Jones",
                    "homepage": "http://www.jonesiscoding.com"
                }
            ],
            "description": "CSS Classes, Mixins and Functions to manage icons for the StrapLess CSS Framework.  Also usable for other CSS projects.",
            "homepage": "https://www.github.com/strapless/icons",
            "keywords": [
                "css",
                "font",
                "icons",
                "sass",
                "scss",
                "strapless",
                "svg"
            ],
            "time": "2017-12-05T01:24:05+00:00"
        },
        {
            "name": "strapless/layout",
            "version": "1.1",
            "source": {
                "type": "git",
                "url": "https://github.com/strapless/layout.git",
                "reference": "1ce43728416243b1a3c6cc1d623f243bfb468221"
            },
            "dist": {
                "type": "zip",
                "url": "https://api.github.com/repos/strapless/layout/zipball/1ce43728416243b1a3c6cc1d623f243bfb468221",
                "reference": "1ce43728416243b1a3c6cc1d623f243bfb468221",
                "shasum": ""
            },
            "require": {
                "strapless/base": "^1.1",
                "strapless/colors": "^1.0"
            },
            "type": "library",
            "notification-url": "https://packagist.org/downloads/",
            "license": [
                "MIT"
            ],
            "authors": [
                {
                    "name": "Aaron M Jones",
                    "homepage": "http://www.jonesiscoding.com"
                }
            ],
            "description": "CSS Classes, Mixins and Functions to control header, footer, and basic layout in the StrapLess CSS Framework.  Also usable for other CSS projects.",
            "homepage": "https://www.github.com/strapless/layout",
            "keywords": [
                "css",
                "layout",
                "sass",
                "scss",
                "strapless"
            ],
            "time": "2017-12-12T15:27:49+00:00"
        }
    ],
    "packages-dev": [],
    "aliases": [],
    "minimum-stability": "stable",
    "stability-flags": [],
    "prefer-stable": false,
    "prefer-lowest": false,
    "platform": [],
    "platform-dev": []
}
