{
    "_readme": [
        "This file locks the dependencies of your project to a known state",
        "Read more about it at https://getcomposer.org/doc/01-basic-usage.md#installing-dependencies",
        "This file is @generated automatically"
    ],
    "content-hash": "55554f3f231aec6bf0ef527d843c405c",
    "packages": [
        {
            "name": "components/jquery",
            "version": "1.12.4",
            "source": {
                "type": "git",
                "url": "https://github.com/components/jquery.git",
                "reference": "5dd7297d7603e11e53bdcca2a71074d92de37b8f"
            },
            "dist": {
                "type": "zip",
                "url": "https://api.github.com/repos/components/jquery/zipball/5dd7297d7603e11e53bdcca2a71074d92de37b8f",
                "reference": "5dd7297d7603e11e53bdcca2a71074d92de37b8f",
                "shasum": ""
            },
            "type": "component",
            "extra": {
                "component": {
                    "scripts": [
                        "jquery.js"
                    ],
                    "files": [
                        "jquery.min.js",
                        "jquery.min.map",
                        "jquery-migrate.js",
                        "jquery-migrate.min.js"
                    ]
                }
            },
            "notification-url": "https://packagist.org/downloads/",
            "license": [
                "MIT"
            ],
            "authors": [
                {
                    "name": "John Resig",
                    "email": "jeresig@gmail.com"
                }
            ],
            "description": "jQuery JavaScript Library",
            "homepage": "http://jquery.com",
            "time": "2016-05-25T06:50:04+00:00"
        },
        {
            "name": "deviscoding/base",
            "version": "2.0.3",
            "source": {
                "type": "git",
                "url": "https://github.com/deviscoding/base.git",
                "reference": "e5ea652de177b8316044842cd76c4b4bdd2478f1"
            },
            "dist": {
                "type": "zip",
                "url": "https://api.github.com/repos/deviscoding/base/zipball/e5ea652de177b8316044842cd76c4b4bdd2478f1",
                "reference": "e5ea652de177b8316044842cd76c4b4bdd2478f1",
                "shasum": ""
            },
            "replace": {
                "strapless/base": "^2.0"
            },
            "type": "library",
            "notification-url": "https://packagist.org/downloads/",
            "license": [
                "MIT"
            ],
            "authors": [
                {
                    "name": "Aaron M Jones",
                    "homepage": "http://www.jonesiscoding.com"
                }
            ],
            "description": "SASS Functions & mixins for managing variables within various SASS components.",
            "homepage": "https://www.github.com/deviscoding/base",
            "keywords": [
                "css",
                "maps",
                "sass",
                "scss",
                "strapless",
                "variables"
            ],
            "time": "2018-06-20T12:44:34+00:00"
        },
        {
            "name": "deviscoding/buttons",
            "version": "1.1.3",
            "source": {
                "type": "git",
                "url": "https://github.com/deviscoding/buttons.git",
                "reference": "92f3a28252f02623d1ce2e2171fb6e8b752ea3a9"
            },
            "dist": {
                "type": "zip",
                "url": "https://api.github.com/repos/deviscoding/buttons/zipball/92f3a28252f02623d1ce2e2171fb6e8b752ea3a9",
                "reference": "92f3a28252f02623d1ce2e2171fb6e8b752ea3a9",
                "shasum": ""
            },
            "require": {
                "deviscoding/base": "^2.0",
                "deviscoding/colors": "^1.0"
            },
            "replace": {
                "strapless/buttons": "^1.0"
            },
            "type": "library",
            "notification-url": "https://packagist.org/downloads/",
            "license": [
                "MIT"
            ],
            "authors": [
                {
                    "name": "Aaron M Jones",
                    "homepage": "http://www.jonesiscoding.com"
                }
            ],
            "description": "Drop in replacement for Bootstrap buttons, with Material Design effects. Designed for the StrapLess Framework, but usable as a standalone component.",
            "homepage": "https://www.github.com/deviscoding/buttons",
            "keywords": [
                "bootstrap",
                "buttons",
                "css",
                "material",
                "ripple",
                "sass",
                "scss",
                "strapless"
            ],
            "time": "2018-06-25T17:56:50+00:00"
        },
        {
            "name": "deviscoding/card",
            "version": "1.0.7",
            "source": {
                "type": "git",
                "url": "https://github.com/deviscoding/card.git",
                "reference": "2a0d3ecd30dde1c26729ff7a3cb22a2b1c73dd84"
            },
            "dist": {
                "type": "zip",
                "url": "https://api.github.com/repos/deviscoding/card/zipball/2a0d3ecd30dde1c26729ff7a3cb22a2b1c73dd84",
                "reference": "2a0d3ecd30dde1c26729ff7a3cb22a2b1c73dd84",
                "shasum": ""
            },
            "require": {
                "deviscoding/base": "^2.0",
                "deviscoding/colors": "^1.0.5",
                "deviscoding/responsive": "^1.0"
            },
            "replace": {
                "strapless/card": "^1.0"
            },
            "type": "library",
            "notification-url": "https://packagist.org/downloads/",
            "license": [
                "MIT"
            ],
            "authors": [
                {
                    "name": "Aaron M Jones",
                    "homepage": "http://www.jonesiscoding.com"
                }
            ],
            "description": "Card component from Bootstrap 4, modified for usage as a standalone component, with Bootstrap 3, or with other DevIsCoding components.",
            "homepage": "https://www.github.com/deviscoding/card",
            "keywords": [
                "card",
                "css",
                "panel",
                "responsive",
                "sass",
                "scss",
                "strapless"
            ],
            "time": "2018-06-21T13:58:14+00:00"
        },
        {
            "name": "deviscoding/colors",
            "version": "1.0.9",
            "source": {
                "type": "git",
                "url": "https://github.com/deviscoding/colors.git",
                "reference": "dd4a6ee5aab611b0f4e7e2d1f8c481caa1203e39"
            },
            "dist": {
                "type": "zip",
                "url": "https://api.github.com/repos/deviscoding/colors/zipball/dd4a6ee5aab611b0f4e7e2d1f8c481caa1203e39",
                "reference": "dd4a6ee5aab611b0f4e7e2d1f8c481caa1203e39",
                "shasum": ""
            },
            "replace": {
                "strapless/colors": "^1.0"
            },
            "type": "library",
            "notification-url": "https://packagist.org/downloads/",
            "license": [
                "MIT"
            ],
            "authors": [
                {
                    "name": "Aaron M Jones",
                    "homepage": "http://www.jonesiscoding.com"
                }
            ],
            "description": "SASS color functions, maps and CSS used in DevIsCoding components.  Can also be used quite effectively in any SASS where one desires an easy way to manage colors.",
            "homepage": "https://www.github.com/deviscoding/colors",
            "keywords": [
                "color",
                "map",
                "sass",
                "scss",
                "strapless"
            ],
            "time": "2018-05-23T15:47:48+00:00"
        },
        {
            "name": "deviscoding/custom-time",
            "version": "1.0.3",
            "source": {
                "type": "git",
                "url": "https://github.com/deviscoding/custom-time.git",
                "reference": "d4bc29bad7e68a13d8917ad04573d4921422f94b"
            },
            "dist": {
                "type": "zip",
                "url": "https://api.github.com/repos/deviscoding/custom-time/zipball/d4bc29bad7e68a13d8917ad04573d4921422f94b",
                "reference": "d4bc29bad7e68a13d8917ad04573d4921422f94b",
                "shasum": ""
            },
            "require": {
                "components/jquery": "^1.10",
                "deviscoding/base": "^2.0",
                "deviscoding/colors": "^1.0"
            },
            "type": "library",
            "notification-url": "https://packagist.org/downloads/",
            "license": [
                "MIT"
            ],
            "authors": [
                {
                    "name": "AMJones",
                    "homepage": "https://www.deviscoding.com/"
                }
            ],
            "description": "Cross browser time implementation using CSS and JQuery.  Compatible with Twitter Bootstrap",
            "homepage": "https://github.com/deviscoding/custom-time",
            "keywords": [
                "bootstrap",
                "replacement",
                "sass",
                "time"
            ],
            "time": "2018-12-06T02:33:24+00:00"
        },
        {
            "name": "deviscoding/device",
            "version": "4.0.4",
            "source": {
                "type": "git",
                "url": "https://github.com/jonesiscoding/device.git",
                "reference": "c173950cb478781f708a756fd757e07fdeda4cc9"
            },
            "dist": {
                "type": "zip",
                "url": "https://api.github.com/repos/jonesiscoding/device/zipball/c173950cb478781f708a756fd757e07fdeda4cc9",
                "reference": "c173950cb478781f708a756fd757e07fdeda4cc9",
                "shasum": ""
            },
            "require": {
                "ext-json": "*"
            },
            "suggest": {
                "deviscoding/poly-pointer": "Psuedo-Polyfill for (pointer:coarse). Easy support of touch devices."
            },
            "type": "library",
            "autoload": {
                "psr-4": {
                    "DevCoding\\Device\\": "src/Device",
                    "DevCoding\\ValueObject\\": "src/ValueObject"
                }
            },
            "notification-url": "https://packagist.org/downloads/",
            "license": [
                "MIT"
            ],
            "authors": [
                {
                    "name": "AMJones",
                    "homepage": "http://www.deviscoding.com"
                }
            ],
            "description": "Device feature detection via Vanilla JS with a PHP backup for server side detection.",
            "homepage": "https://github.com/jonesiscoding/device",
            "keywords": [
                "browser",
                "detection",
                "device",
                "feature",
                "hidpi",
                "javascript",
                "php",
                "retina",
                "touch"
            ],
            "time": "2020-05-28T13:36:11+00:00"
        },
        {
            "name": "deviscoding/display",
            "version": "1.0.8",
            "source": {
                "type": "git",
                "url": "https://github.com/deviscoding/display.git",
                "reference": "2342ef750baa5dcd36b0cf34173371d13439b8fa"
            },
            "dist": {
                "type": "zip",
                "url": "https://api.github.com/repos/deviscoding/display/zipball/2342ef750baa5dcd36b0cf34173371d13439b8fa",
                "reference": "2342ef750baa5dcd36b0cf34173371d13439b8fa",
                "shasum": ""
            },
            "require": {
                "deviscoding/responsive": "^1.0"
            },
            "replace": {
                "strapless/display": "^1.0"
            },
            "suggest": {
                "deviscoding/device": "^3.0"
            },
            "type": "library",
            "notification-url": "https://packagist.org/downloads/",
            "license": [
                "MIT"
            ],
            "authors": [
                {
                    "name": "Aaron M Jones",
                    "homepage": "http://www.jonesiscoding.com"
                }
            ],
            "description": "Responsive classes for managing CSS display properties.",
            "homepage": "https://www.github.com/deviscoding/display",
            "keywords": [
                "css",
                "display",
                "responsive",
                "sass",
                "scss",
                "strapless"
            ],
            "time": "2018-06-20T14:06:08+00:00"
        },
        {
            "name": "deviscoding/drawer",
            "version": "2.1",
            "source": {
                "type": "git",
                "url": "https://github.com/deviscoding/drawer.git",
                "reference": "7db82866782c04591759086a5dac59690063c5f7"
            },
            "dist": {
                "type": "zip",
                "url": "https://api.github.com/repos/deviscoding/drawer/zipball/7db82866782c04591759086a5dac59690063c5f7",
                "reference": "7db82866782c04591759086a5dac59690063c5f7",
                "shasum": ""
            },
            "require": {
                "deviscoding/base": "^2.0",
                "deviscoding/colors": "^1.0.4",
                "deviscoding/display": "^1.0.8",
                "deviscoding/layout": "^1.1.5",
                "deviscoding/responsive": "^1.0"
            },
            "replace": {
                "strapless/drawer": "^2.0"
            },
            "type": "library",
            "notification-url": "https://packagist.org/downloads/",
            "license": [
                "MIT"
            ],
            "authors": [
                {
                    "name": "Aaron M Jones",
                    "homepage": "http://www.jonesiscoding.com"
                }
            ],
            "description": "Responsive navigation drawer with Material Design styling written in CSS & jQuery.",
            "homepage": "https://www.github.com/deviscoding/drawer",
            "keywords": [
                "css",
                "deviscoding",
                "drawer",
                "material",
                "responsive",
                "sass",
                "scss",
                "strapless"
            ],
            "time": "2018-06-22T13:32:29+00:00"
        },
        {
            "name": "deviscoding/icons",
            "version": "1.0.3",
            "source": {
                "type": "git",
                "url": "https://github.com/deviscoding/icons.git",
                "reference": "9a96f5de622131caff4de1e409997c1a3f70865e"
            },
            "dist": {
                "type": "zip",
                "url": "https://api.github.com/repos/deviscoding/icons/zipball/9a96f5de622131caff4de1e409997c1a3f70865e",
                "reference": "9a96f5de622131caff4de1e409997c1a3f70865e",
                "shasum": ""
            },
            "require": {
                "deviscoding/base": "^2.0"
            },
            "replace": {
                "strapless/icons": "^1.0"
            },
            "type": "library",
            "notification-url": "https://packagist.org/downloads/",
            "license": [
                "MIT"
            ],
            "authors": [
                {
                    "name": "Aaron M Jones",
                    "homepage": "http://www.jonesiscoding.com"
                }
            ],
            "description": "CSS Classes, Mixins and Functions to manage icons in CSS and SCSS projects.",
            "homepage": "https://www.github.com/deviscoding/icons",
            "keywords": [
                "css",
                "deviscoding",
                "font",
                "icons",
                "sass",
                "scss",
                "strapless",
                "svg"
            ],
            "time": "2018-06-21T13:47:06+00:00"
        },
        {
            "name": "deviscoding/layout",
            "version": "1.1.6",
            "source": {
                "type": "git",
                "url": "https://github.com/deviscoding/layout.git",
                "reference": "d3dbcf3e72c6f86bf4ce77158213e2c38557b902"
            },
            "dist": {
                "type": "zip",
                "url": "https://api.github.com/repos/deviscoding/layout/zipball/d3dbcf3e72c6f86bf4ce77158213e2c38557b902",
                "reference": "d3dbcf3e72c6f86bf4ce77158213e2c38557b902",
                "shasum": ""
            },
            "require": {
                "deviscoding/base": "^2.0",
                "deviscoding/colors": "^1.0",
                "deviscoding/icons": "^1.0.3"
            },
            "replace": {
                "strapless/layout": "^1.0"
            },
            "type": "library",
            "notification-url": "https://packagist.org/downloads/",
            "license": [
                "MIT"
            ],
            "authors": [
                {
                    "name": "Aaron M Jones",
                    "homepage": "http://www.jonesiscoding.com"
                }
            ],
            "description": "CSS Classes, Mixins and Functions to control header, footer, and basic layout in the StrapLess CSS Framework.  Also usable for other CSS projects.",
            "homepage": "https://www.github.com/deviscoding/layout",
            "keywords": [
                "css",
                "deviscoding",
                "layout",
                "sass",
                "scss",
                "strapless"
            ],
            "time": "2018-06-25T17:59:19+00:00"
        },
        {
            "name": "deviscoding/responsive",
            "version": "1.0.6",
            "source": {
                "type": "git",
                "url": "https://github.com/deviscoding/responsive.git",
                "reference": "4d670bbb2affd7e3285d9b74c7d9d3e7d4f4b982"
            },
            "dist": {
                "type": "zip",
                "url": "https://api.github.com/repos/deviscoding/responsive/zipball/4d670bbb2affd7e3285d9b74c7d9d3e7d4f4b982",
                "reference": "4d670bbb2affd7e3285d9b74c7d9d3e7d4f4b982",
                "shasum": ""
            },
            "require": {
                "deviscoding/base": "^2.0",
                "deviscoding/device": "^4.0"
            },
            "type": "library",
            "notification-url": "https://packagist.org/downloads/",
            "license": [
                "MIT"
            ],
            "authors": [
                {
                    "name": "Aaron M Jones",
                    "homepage": "http://www.jonesiscoding.com"
                }
            ],
            "description": "SASS utilities for responsive web design.",
            "homepage": "https://www.github.com/deviscoding/responsive",
            "keywords": [
                "responsive",
                "rwd",
                "sass",
                "scss",
                "strapless"
            ],
            "time": "2020-05-26T14:48:38+00:00"
        }
    ],
    "packages-dev": [],
    "aliases": [],
    "minimum-stability": "stable",
    "stability-flags": [],
    "prefer-stable": false,
    "prefer-lowest": false,
    "platform": [],
    "platform-dev": [],
    "plugin-api-version": "1.1.0"
}
